
Microsoft Visual Studio Solution File, Format Version 12.00
# Visual Studio Version 17
VisualStudioVersion = 17.2.32630.192
MinimumVisualStudioVersion = 10.0.40219.1
Project("{9A19103F-16F7-4668-BE54-9A1E7A4F7556}") = "R5T.V0002", "R5T.V0002\R5T.V0002.csproj", "{36ED5E95-7760-4F70-9DAB-EAB2175521D9}"
EndProject
Project("{2150E333-8FDC-42A3-9474-1A3956D46DE8}") = "_Dependencies", "_Dependencies", "{AE194729-C1F7-4A87-8C9E-9E15B9DAED2A}"
EndProject
Project("{9A19103F-16F7-4668-BE54-9A1E7A4F7556}") = "R5T.NG0017", "..\..\R5T.NG0017\source\R5T.NG0017\R5T.NG0017.csproj", "{137540AA-2496-4994-91D3-C8FCDAD26F24}"
EndProject
Project("{9A19103F-16F7-4668-BE54-9A1E7A4F7556}") = "R5T.T0142", "..\..\R5T.T0142\source\R5T.T0142\R5T.T0142.csproj", "{8817197C-110A-47F9-805F-A2F0FB4FB588}"
EndProject
Project("{9A19103F-16F7-4668-BE54-9A1E7A4F7556}") = "R5T.T0143", "..\..\R5T.T0143\source\R5T.T0143\R5T.T0143.csproj", "{14D7ADEF-869A-4BC7-A97C-3104E8578F53}"
EndProject
Project("{9A19103F-16F7-4668-BE54-9A1E7A4F7556}") = "R5T.T0242", "..\..\R5T.T0242\source\R5T.T0242\R5T.T0242.csproj", "{FD084EDA-0A00-4690-BB21-231ABE289400}"
EndProject
Project("{9A19103F-16F7-4668-BE54-9A1E7A4F7556}") = "R5T.T0243", "..\..\R5T.T0243\source\R5T.T0243\R5T.T0243.csproj", "{BAABD779-CECC-4B0B-9E9B-2E855E0C79E4}"
EndProject
Project("{9A19103F-16F7-4668-BE54-9A1E7A4F7556}") = "R5T.L0066", "..\..\R5T.L0066\source\R5T.L0066\R5T.L0066.csproj", "{769FEDEE-0739-436B-8B57-CE1D19CE0CB1}"
EndProject
Project("{9A19103F-16F7-4668-BE54-9A1E7A4F7556}") = "R5T.L0087.F000", "..\..\R5T.L0087\source\R5T.L0087.F000\R5T.L0087.F000.csproj", "{E042AE8E-CB10-40A2-9CA5-7BF5CF585C05}"
EndProject
Project("{9A19103F-16F7-4668-BE54-9A1E7A4F7556}") = "R5T.L0087.F001", "..\..\R5T.L0087\source\R5T.L0087.F001\R5T.L0087.F001.csproj", "{2ADE5D20-CE3C-455B-8972-84170E3ED4C8}"
EndProject
Project("{9A19103F-16F7-4668-BE54-9A1E7A4F7556}") = "R5T.L0087.T000", "..\..\R5T.L0087\source\R5T.L0087.T000\R5T.L0087.T000.csproj", "{C1B1FD66-1075-4A1B-BDC0-599C9C3118E4}"
EndProject
Project("{9A19103F-16F7-4668-BE54-9A1E7A4F7556}") = "R5T.L0087", "..\..\R5T.L0087\source\R5T.L0087\R5T.L0087.csproj", "{FCBE055A-2F1C-461F-BD37-1BBF331FFB62}"
EndProject
Project("{9A19103F-16F7-4668-BE54-9A1E7A4F7556}") = "R5T.L0088.F001", "..\..\R5T.L0088\source\R5T.L0088.F001\R5T.L0088.F001.csproj", "{EDE6AB12-0EE5-468B-BAE3-BFA1AF821CB6}"
EndProject
Project("{9A19103F-16F7-4668-BE54-9A1E7A4F7556}") = "R5T.L0088.F002", "..\..\R5T.L0088\source\R5T.L0088.F002\R5T.L0088.F002.csproj", "{0F6DA6E7-8930-43A7-82B7-6AB730BF5CCE}"
EndProject
Project("{9A19103F-16F7-4668-BE54-9A1E7A4F7556}") = "R5T.L0088", "..\..\R5T.L0088\source\R5T.L0088\R5T.L0088.csproj", "{4D579160-DB91-45E4-B90E-6CD6FF3B089B}"
EndProject
Project("{9A19103F-16F7-4668-BE54-9A1E7A4F7556}") = "R5T.T0131", "..\..\R5T.T0131\source\R5T.T0131\R5T.T0131.csproj", "{F1AD3087-DBBF-476E-B24F-0E4319F2B192}"
EndProject
Project("{9A19103F-16F7-4668-BE54-9A1E7A4F7556}") = "R5T.T0132", "..\..\R5T.T0132\source\R5T.T0132\R5T.T0132.csproj", "{B74AD283-428D-492D-B2E6-5C57738DCA69}"
EndProject
Project("{9A19103F-16F7-4668-BE54-9A1E7A4F7556}") = "R5T.T0156", "..\..\R5T.T0156\source\R5T.T0156\R5T.T0156.csproj", "{CA401BF3-234F-4E76-9E11-9A84897ED6A8}"
EndProject
Project("{9A19103F-16F7-4668-BE54-9A1E7A4F7556}") = "R5T.T0221", "..\..\R5T.T0221\source\R5T.T0221\R5T.T0221.csproj", "{E0178715-4C6F-4BF0-B270-1B6F5FD8FEA7}"
EndProject
Project("{9A19103F-16F7-4668-BE54-9A1E7A4F7556}") = "R5T.T0239", "..\..\R5T.T0239\source\R5T.T0239\R5T.T0239.csproj", "{3E5BA060-C162-4373-8E75-EA0AAED7F98C}"
EndProject
Project("{9A19103F-16F7-4668-BE54-9A1E7A4F7556}") = "R5T.T0240", "..\..\R5T.T0240\source\R5T.T0240\R5T.T0240.csproj", "{D0D9CC7E-1ACB-402E-9D29-AD9BADC039B3}"
EndProject
Project("{9A19103F-16F7-4668-BE54-9A1E7A4F7556}") = "R5T.Y0006", "..\..\R5T.Y0006\source\R5T.Y0006\R5T.Y0006.csproj", "{0362D324-212C-4608-BAC2-81032D0B6901}"
EndProject
Project("{9A19103F-16F7-4668-BE54-9A1E7A4F7556}") = "R5T.V0002.Z001", "R5T.V0002.Z001/R5T.V0002.Z001.csproj", "{A1B8983D-14F9-4DAD-BDFD-705BCA02A5B0}"
EndProject
Project("{9A19103F-16F7-4668-BE54-9A1E7A4F7556}") = "R5T.F0000", "../../R5T.F0000/source/R5T.F0000/R5T.F0000.csproj", "{523FB40B-C878-4B91-919E-D46F04FC892D}"
EndProject
Project("{9A19103F-16F7-4668-BE54-9A1E7A4F7556}") = "R5T.F0002", "../../R5T.F0002/source/R5T.F0002/R5T.F0002.csproj", "{525A554E-ABE1-411D-9295-9E62FB5F3333}"
EndProject
Project("{9A19103F-16F7-4668-BE54-9A1E7A4F7556}") = "R5T.F0059", "../../R5T.F0059/source/R5T.F0059/R5T.F0059.csproj", "{4C5D2D2A-5F8B-4E5F-A1DD-3AA04D62B958}"
EndProject
Project("{9A19103F-16F7-4668-BE54-9A1E7A4F7556}") = "R5T.F0120", "../../R5T.F0120/source/R5T.F0120/R5T.F0120.csproj", "{AC9A1E81-1908-42FF-BF3D-B521235355AC}"
EndProject
Project("{9A19103F-16F7-4668-BE54-9A1E7A4F7556}") = "R5T.F0124", "../../R5T.F0124/source/R5T.F0124/R5T.F0124.csproj", "{2E748D6C-ED28-49B5-BD0E-8926C70DC9D2}"
EndProject
Project("{9A19103F-16F7-4668-BE54-9A1E7A4F7556}") = "R5T.F0125", "../../R5T.F0125/source/R5T.F0125/R5T.F0125.csproj", "{7AA9D18D-6D4E-4435-A407-8B20A5E361B7}"
EndProject
Project("{9A19103F-16F7-4668-BE54-9A1E7A4F7556}") = "R5T.L0030.T000", "../../R5T.L0030/source/R5T.L0030.T000/R5T.L0030.T000.csproj", "{92353B3F-AE80-42D5-9F52-254D1B38BF49}"
EndProject
Project("{9A19103F-16F7-4668-BE54-9A1E7A4F7556}") = "R5T.L0030", "../../R5T.L0030/source/R5T.L0030/R5T.L0030.csproj", "{D5526A44-4A34-4364-B3BB-77A1DC24F452}"
EndProject
Project("{9A19103F-16F7-4668-BE54-9A1E7A4F7556}") = "R5T.L0034", "../../R5T.L0034/source/R5T.L0034/R5T.L0034.csproj", "{41A6E696-FB26-41A8-A478-C984BAF583DB}"
EndProject
Project("{9A19103F-16F7-4668-BE54-9A1E7A4F7556}") = "R5T.L0035", "../../R5T.L0035/source/R5T.L0035/R5T.L0035.csproj", "{5E89AD09-E71C-4EBB-9A0D-17AFFBDB5743}"
EndProject
Project("{9A19103F-16F7-4668-BE54-9A1E7A4F7556}") = "R5T.L0053", "../../R5T.L0053/source/R5T.L0053/R5T.L0053.csproj", "{AEA9E123-207D-4DFF-8232-CBEE347C26F7}"
EndProject
Project("{9A19103F-16F7-4668-BE54-9A1E7A4F7556}") = "R5T.L0056", "../../R5T.L0056/source/R5T.L0056/R5T.L0056.csproj", "{0A9AD9B7-F05E-4404-B07B-9569F4AFD1DF}"
EndProject
Project("{9A19103F-16F7-4668-BE54-9A1E7A4F7556}") = "R5T.L0071", "../../R5T.L0071/source/R5T.L0071/R5T.L0071.csproj", "{F5A397DF-4035-44D7-9AD4-F98032C18A63}"
EndProject
Project("{9A19103F-16F7-4668-BE54-9A1E7A4F7556}") = "R5T.L0074", "../../R5T.L0074/source/R5T.L0074/R5T.L0074.csproj", "{6F5777C3-1E2F-4606-87FF-55A3C9C20620}"
EndProject
Project("{9A19103F-16F7-4668-BE54-9A1E7A4F7556}") = "R5T.NG0006", "../../R5T.NG0006/source/R5T.NG0006/R5T.NG0006.csproj", "{25A6AA1F-0A03-4EFF-A8A7-03BCF7C1E8B8}"
EndProject
Project("{9A19103F-16F7-4668-BE54-9A1E7A4F7556}") = "R5T.NG0022", "../../R5T.NG0022/source/R5T.NG0022/R5T.NG0022.csproj", "{75B0B495-CBE1-4CEA-8153-47744C43C1C3}"
EndProject
Project("{9A19103F-16F7-4668-BE54-9A1E7A4F7556}") = "R5T.T0150", "../../R5T.T0150/source/R5T.T0150/R5T.T0150.csproj", "{0E60C80D-4B5F-43F2-B1D2-3AA3A8049706}"
EndProject
Project("{9A19103F-16F7-4668-BE54-9A1E7A4F7556}") = "R5T.T0151", "../../R5T.T0151/source/R5T.T0151/R5T.T0151.csproj", "{5FA102D9-A9F9-4358-A615-484ED2D918C0}"
EndProject
Project("{9A19103F-16F7-4668-BE54-9A1E7A4F7556}") = "R5T.T0158", "../../R5T.T0158/source/R5T.T0158/R5T.T0158.csproj", "{1A43AB32-DA8B-46C6-997E-D9227D0BC279}"
EndProject
Project("{9A19103F-16F7-4668-BE54-9A1E7A4F7556}") = "R5T.T0159", "../../R5T.T0159/source/R5T.T0159/R5T.T0159.csproj", "{56E39B9B-C08E-4948-B03D-8E5B6B1F5DF5}"
EndProject
Project("{9A19103F-16F7-4668-BE54-9A1E7A4F7556}") = "R5T.T0172", "../../R5T.T0172/source/R5T.T0172/R5T.T0172.csproj", "{322B896B-62B0-4563-B474-54A773864318}"
EndProject
Project("{9A19103F-16F7-4668-BE54-9A1E7A4F7556}") = "R5T.T0174", "../../R5T.T0174/source/R5T.T0174/R5T.T0174.csproj", "{B29DEC59-887E-458E-AE5A-95B9CCACE8B1}"
EndProject
Project("{9A19103F-16F7-4668-BE54-9A1E7A4F7556}") = "R5T.T0176", "../../R5T.T0176/source/R5T.T0176/R5T.T0176.csproj", "{028F1AF7-B8F9-4FFF-892C-033F60435B85}"
EndProject
Project("{9A19103F-16F7-4668-BE54-9A1E7A4F7556}") = "R5T.T0177", "../../R5T.T0177/source/R5T.T0177/R5T.T0177.csproj", "{7A5C0858-55E5-4A9A-85FE-E19425F41810}"
EndProject
Project("{9A19103F-16F7-4668-BE54-9A1E7A4F7556}") = "R5T.T0178", "../../R5T.T0178/source/R5T.T0178/R5T.T0178.csproj", "{432AD270-4845-4D1B-899E-982CA6C2DC52}"
EndProject
Project("{9A19103F-16F7-4668-BE54-9A1E7A4F7556}") = "R5T.T0179", "../../R5T.T0179/source/R5T.T0179/R5T.T0179.csproj", "{6BEAD7FD-1C14-4B58-9DF5-C79B8467F7B9}"
EndProject
Project("{9A19103F-16F7-4668-BE54-9A1E7A4F7556}") = "R5T.T0180", "../../R5T.T0180/source/R5T.T0180/R5T.T0180.csproj", "{F527318A-72F9-4A24-84B6-6E1A387CE6CC}"
EndProject
Project("{9A19103F-16F7-4668-BE54-9A1E7A4F7556}") = "R5T.T0181", "../../R5T.T0181/source/R5T.T0181/R5T.T0181.csproj", "{E8310924-901C-4806-ABE2-62BBF598E97F}"
EndProject
Project("{9A19103F-16F7-4668-BE54-9A1E7A4F7556}") = "R5T.T0185", "../../R5T.T0185/source/R5T.T0185/R5T.T0185.csproj", "{A5A89828-0534-4DAD-82F9-A1CE606FD437}"
EndProject
Project("{9A19103F-16F7-4668-BE54-9A1E7A4F7556}") = "R5T.T0199.T000", "../../R5T.T0199/source/R5T.T0199.T000/R5T.T0199.T000.csproj", "{93EF8BE3-B99D-4335-9838-00F16F118531}"
EndProject
Project("{9A19103F-16F7-4668-BE54-9A1E7A4F7556}") = "R5T.T0199.T001", "../../R5T.T0199/source/R5T.T0199.T001/R5T.T0199.T001.csproj", "{D21C3959-E91A-457B-99A0-DAAA0A9E89C6}"
EndProject
Project("{9A19103F-16F7-4668-BE54-9A1E7A4F7556}") = "R5T.T0199", "../../R5T.T0199/source/R5T.T0199/R5T.T0199.csproj", "{B867896E-F492-40A7-9279-6C96479F5118}"
EndProject
Project("{9A19103F-16F7-4668-BE54-9A1E7A4F7556}") = "R5T.T0203", "../../R5T.T0203/source/R5T.T0203/R5T.T0203.csproj", "{8BC77BB4-DCD6-44BE-9A53-B2E5C26E5964}"
EndProject
Project("{9A19103F-16F7-4668-BE54-9A1E7A4F7556}") = "R5T.T0213", "../../R5T.T0213/source/R5T.T0213/R5T.T0213.csproj", "{14534F7C-BF92-44BF-8F14-AA59FE24CD43}"
EndProject
Project("{9A19103F-16F7-4668-BE54-9A1E7A4F7556}") = "R5T.T0218", "../../R5T.T0218/source/R5T.T0218/R5T.T0218.csproj", "{69E3DC2A-4805-47EB-A7DB-18BC04E3D066}"
EndProject
Project("{9A19103F-16F7-4668-BE54-9A1E7A4F7556}") = "R5T.T0219", "../../R5T.T0219/source/R5T.T0219/R5T.T0219.csproj", "{6C91A275-3623-4C10-A366-8658C066DDF3}"
EndProject
Project("{9A19103F-16F7-4668-BE54-9A1E7A4F7556}") = "R5T.T0220", "../../R5T.T0220/source/R5T.T0220/R5T.T0220.csproj", "{66FDA416-D3E4-4C0D-9ACF-44135C63956A}"
EndProject
Project("{9A19103F-16F7-4668-BE54-9A1E7A4F7556}") = "R5T.T0227", "../../R5T.T0227/source/R5T.T0227/R5T.T0227.csproj", "{E3A3389E-9157-4B99-83CA-E51851F6CEAF}"
EndProject
Project("{9A19103F-16F7-4668-BE54-9A1E7A4F7556}") = "R5T.Y0000", "../../R5T.Y0000/source/R5T.Y0000/R5T.Y0000.csproj", "{60971F43-B893-437F-91CD-71CA0C424391}"
EndProject
Project("{9A19103F-16F7-4668-BE54-9A1E7A4F7556}") = "R5T.Z0000", "../../R5T.Z0000/source/R5T.Z0000/R5T.Z0000.csproj", "{ABB8D54A-74A1-46F0-A02E-EE58020B3934}"
EndProject
Project("{9A19103F-16F7-4668-BE54-9A1E7A4F7556}") = "R5T.Z0010.Platform", "../../R5T.Z0010/source/R5T.Z0010.Platform/R5T.Z0010.Platform.csproj", "{57D47B0D-2FC9-4DF6-89BD-EDE35831C141}"
EndProject
Project("{9A19103F-16F7-4668-BE54-9A1E7A4F7556}") = "R5T.Z0010", "../../R5T.Z0010/source/R5T.Z0010/R5T.Z0010.csproj", "{985E0EE0-E7B6-49B4-9BF5-0417B40A4566}"
EndProject
Project("{9A19103F-16F7-4668-BE54-9A1E7A4F7556}") = "R5T.Z0057.Platform", "../../R5T.Z0057/source/R5T.Z0057.Platform/R5T.Z0057.Platform.csproj", "{E8E3CCBB-1312-492C-BFF4-D2491437EF42}"
EndProject
Project("{9A19103F-16F7-4668-BE54-9A1E7A4F7556}") = "R5T.Z0057", "../../R5T.Z0057/source/R5T.Z0057/R5T.Z0057.csproj", "{49139F00-403A-4D5B-82BF-6AB1C4A52F9E}"
EndProject
Project("{9A19103F-16F7-4668-BE54-9A1E7A4F7556}") = "R5T.Z0058", "../../R5T.Z0058/source/R5T.Z0058/R5T.Z0058.csproj", "{E2513815-F6C6-4C8C-B83B-ECAE056503D7}"
EndProject
Project("{9A19103F-16F7-4668-BE54-9A1E7A4F7556}") = "R5T.Z0066", "..\..\R5T.Z0066\source\R5T.Z0066\R5T.Z0066.csproj", "{E3409638-9C42-4B1A-A8F9-310B2975C46D}"
EndProject
Global
	GlobalSection(NestedProjects) = preSolution
		{137540AA-2496-4994-91D3-C8FCDAD26F24} = {AE194729-C1F7-4A87-8C9E-9E15B9DAED2A}
		{8817197C-110A-47F9-805F-A2F0FB4FB588} = {AE194729-C1F7-4A87-8C9E-9E15B9DAED2A}
		{14D7ADEF-869A-4BC7-A97C-3104E8578F53} = {AE194729-C1F7-4A87-8C9E-9E15B9DAED2A}
		{FD084EDA-0A00-4690-BB21-231ABE289400} = {AE194729-C1F7-4A87-8C9E-9E15B9DAED2A}
		{BAABD779-CECC-4B0B-9E9B-2E855E0C79E4} = {AE194729-C1F7-4A87-8C9E-9E15B9DAED2A}
		{769FEDEE-0739-436B-8B57-CE1D19CE0CB1} = {AE194729-C1F7-4A87-8C9E-9E15B9DAED2A}
		{E042AE8E-CB10-40A2-9CA5-7BF5CF585C05} = {AE194729-C1F7-4A87-8C9E-9E15B9DAED2A}
		{2ADE5D20-CE3C-455B-8972-84170E3ED4C8} = {AE194729-C1F7-4A87-8C9E-9E15B9DAED2A}
		{C1B1FD66-1075-4A1B-BDC0-599C9C3118E4} = {AE194729-C1F7-4A87-8C9E-9E15B9DAED2A}
		{FCBE055A-2F1C-461F-BD37-1BBF331FFB62} = {AE194729-C1F7-4A87-8C9E-9E15B9DAED2A}
		{EDE6AB12-0EE5-468B-BAE3-BFA1AF821CB6} = {AE194729-C1F7-4A87-8C9E-9E15B9DAED2A}
		{0F6DA6E7-8930-43A7-82B7-6AB730BF5CCE} = {AE194729-C1F7-4A87-8C9E-9E15B9DAED2A}
		{4D579160-DB91-45E4-B90E-6CD6FF3B089B} = {AE194729-C1F7-4A87-8C9E-9E15B9DAED2A}
		{F1AD3087-DBBF-476E-B24F-0E4319F2B192} = {AE194729-C1F7-4A87-8C9E-9E15B9DAED2A}
		{B74AD283-428D-492D-B2E6-5C57738DCA69} = {AE194729-C1F7-4A87-8C9E-9E15B9DAED2A}
		{CA401BF3-234F-4E76-9E11-9A84897ED6A8} = {AE194729-C1F7-4A87-8C9E-9E15B9DAED2A}
		{E0178715-4C6F-4BF0-B270-1B6F5FD8FEA7} = {AE194729-C1F7-4A87-8C9E-9E15B9DAED2A}
		{3E5BA060-C162-4373-8E75-EA0AAED7F98C} = {AE194729-C1F7-4A87-8C9E-9E15B9DAED2A}
		{D0D9CC7E-1ACB-402E-9D29-AD9BADC039B3} = {AE194729-C1F7-4A87-8C9E-9E15B9DAED2A}
		{0362D324-212C-4608-BAC2-81032D0B6901} = {AE194729-C1F7-4A87-8C9E-9E15B9DAED2A}
		{523FB40B-C878-4B91-919E-D46F04FC892D} = {AE194729-C1F7-4A87-8C9E-9E15B9DAED2A}
		{525A554E-ABE1-411D-9295-9E62FB5F3333} = {AE194729-C1F7-4A87-8C9E-9E15B9DAED2A}
		{4C5D2D2A-5F8B-4E5F-A1DD-3AA04D62B958} = {AE194729-C1F7-4A87-8C9E-9E15B9DAED2A}
		{AC9A1E81-1908-42FF-BF3D-B521235355AC} = {AE194729-C1F7-4A87-8C9E-9E15B9DAED2A}
		{2E748D6C-ED28-49B5-BD0E-8926C70DC9D2} = {AE194729-C1F7-4A87-8C9E-9E15B9DAED2A}
		{7AA9D18D-6D4E-4435-A407-8B20A5E361B7} = {AE194729-C1F7-4A87-8C9E-9E15B9DAED2A}
		{92353B3F-AE80-42D5-9F52-254D1B38BF49} = {AE194729-C1F7-4A87-8C9E-9E15B9DAED2A}
		{D5526A44-4A34-4364-B3BB-77A1DC24F452} = {AE194729-C1F7-4A87-8C9E-9E15B9DAED2A}
		{41A6E696-FB26-41A8-A478-C984BAF583DB} = {AE194729-C1F7-4A87-8C9E-9E15B9DAED2A}
		{5E89AD09-E71C-4EBB-9A0D-17AFFBDB5743} = {AE194729-C1F7-4A87-8C9E-9E15B9DAED2A}
		{AEA9E123-207D-4DFF-8232-CBEE347C26F7} = {AE194729-C1F7-4A87-8C9E-9E15B9DAED2A}
		{0A9AD9B7-F05E-4404-B07B-9569F4AFD1DF} = {AE194729-C1F7-4A87-8C9E-9E15B9DAED2A}
		{F5A397DF-4035-44D7-9AD4-F98032C18A63} = {AE194729-C1F7-4A87-8C9E-9E15B9DAED2A}
		{6F5777C3-1E2F-4606-87FF-55A3C9C20620} = {AE194729-C1F7-4A87-8C9E-9E15B9DAED2A}
		{25A6AA1F-0A03-4EFF-A8A7-03BCF7C1E8B8} = {AE194729-C1F7-4A87-8C9E-9E15B9DAED2A}
		{75B0B495-CBE1-4CEA-8153-47744C43C1C3} = {AE194729-C1F7-4A87-8C9E-9E15B9DAED2A}
		{0E60C80D-4B5F-43F2-B1D2-3AA3A8049706} = {AE194729-C1F7-4A87-8C9E-9E15B9DAED2A}
		{5FA102D9-A9F9-4358-A615-484ED2D918C0} = {AE194729-C1F7-4A87-8C9E-9E15B9DAED2A}
		{1A43AB32-DA8B-46C6-997E-D9227D0BC279} = {AE194729-C1F7-4A87-8C9E-9E15B9DAED2A}
		{56E39B9B-C08E-4948-B03D-8E5B6B1F5DF5} = {AE194729-C1F7-4A87-8C9E-9E15B9DAED2A}
		{322B896B-62B0-4563-B474-54A773864318} = {AE194729-C1F7-4A87-8C9E-9E15B9DAED2A}
		{B29DEC59-887E-458E-AE5A-95B9CCACE8B1} = {AE194729-C1F7-4A87-8C9E-9E15B9DAED2A}
		{028F1AF7-B8F9-4FFF-892C-033F60435B85} = {AE194729-C1F7-4A87-8C9E-9E15B9DAED2A}
		{7A5C0858-55E5-4A9A-85FE-E19425F41810} = {AE194729-C1F7-4A87-8C9E-9E15B9DAED2A}
		{432AD270-4845-4D1B-899E-982CA6C2DC52} = {AE194729-C1F7-4A87-8C9E-9E15B9DAED2A}
		{6BEAD7FD-1C14-4B58-9DF5-C79B8467F7B9} = {AE194729-C1F7-4A87-8C9E-9E15B9DAED2A}
		{F527318A-72F9-4A24-84B6-6E1A387CE6CC} = {AE194729-C1F7-4A87-8C9E-9E15B9DAED2A}
		{E8310924-901C-4806-ABE2-62BBF598E97F} = {AE194729-C1F7-4A87-8C9E-9E15B9DAED2A}
		{A5A89828-0534-4DAD-82F9-A1CE606FD437} = {AE194729-C1F7-4A87-8C9E-9E15B9DAED2A}
		{93EF8BE3-B99D-4335-9838-00F16F118531} = {AE194729-C1F7-4A87-8C9E-9E15B9DAED2A}
		{D21C3959-E91A-457B-99A0-DAAA0A9E89C6} = {AE194729-C1F7-4A87-8C9E-9E15B9DAED2A}
		{B867896E-F492-40A7-9279-6C96479F5118} = {AE194729-C1F7-4A87-8C9E-9E15B9DAED2A}
		{8BC77BB4-DCD6-44BE-9A53-B2E5C26E5964} = {AE194729-C1F7-4A87-8C9E-9E15B9DAED2A}
		{14534F7C-BF92-44BF-8F14-AA59FE24CD43} = {AE194729-C1F7-4A87-8C9E-9E15B9DAED2A}
		{69E3DC2A-4805-47EB-A7DB-18BC04E3D066} = {AE194729-C1F7-4A87-8C9E-9E15B9DAED2A}
		{6C91A275-3623-4C10-A366-8658C066DDF3} = {AE194729-C1F7-4A87-8C9E-9E15B9DAED2A}
		{66FDA416-D3E4-4C0D-9ACF-44135C63956A} = {AE194729-C1F7-4A87-8C9E-9E15B9DAED2A}
		{E3A3389E-9157-4B99-83CA-E51851F6CEAF} = {AE194729-C1F7-4A87-8C9E-9E15B9DAED2A}
		{60971F43-B893-437F-91CD-71CA0C424391} = {AE194729-C1F7-4A87-8C9E-9E15B9DAED2A}
		{ABB8D54A-74A1-46F0-A02E-EE58020B3934} = {AE194729-C1F7-4A87-8C9E-9E15B9DAED2A}
		{57D47B0D-2FC9-4DF6-89BD-EDE35831C141} = {AE194729-C1F7-4A87-8C9E-9E15B9DAED2A}
		{985E0EE0-E7B6-49B4-9BF5-0417B40A4566} = {AE194729-C1F7-4A87-8C9E-9E15B9DAED2A}
		{E8E3CCBB-1312-492C-BFF4-D2491437EF42} = {AE194729-C1F7-4A87-8C9E-9E15B9DAED2A}
		{49139F00-403A-4D5B-82BF-6AB1C4A52F9E} = {AE194729-C1F7-4A87-8C9E-9E15B9DAED2A}
		{E2513815-F6C6-4C8C-B83B-ECAE056503D7} = {AE194729-C1F7-4A87-8C9E-9E15B9DAED2A}
		{E3409638-9C42-4B1A-A8F9-310B2975C46D} = {AE194729-C1F7-4A87-8C9E-9E15B9DAED2A}
	EndGlobalSection
	GlobalSection(SolutionConfigurationPlatforms) = preSolution
		Debug|Any CPU = Debug|Any CPU
		Release|Any CPU = Release|Any CPU
	EndGlobalSection
	GlobalSection(ProjectConfigurationPlatforms) = postSolution
		{36ED5E95-7760-4F70-9DAB-EAB2175521D9}.Debug|Any CPU.ActiveCfg = Debug|Any CPU
		{36ED5E95-7760-4F70-9DAB-EAB2175521D9}.Debug|Any CPU.Build.0 = Debug|Any CPU
		{36ED5E95-7760-4F70-9DAB-EAB2175521D9}.Release|Any CPU.ActiveCfg = Release|Any CPU
		{36ED5E95-7760-4F70-9DAB-EAB2175521D9}.Release|Any CPU.Build.0 = Release|Any CPU
		{137540AA-2496-4994-91D3-C8FCDAD26F24}.Debug|Any CPU.ActiveCfg = Debug|Any CPU
		{137540AA-2496-4994-91D3-C8FCDAD26F24}.Debug|Any CPU.Build.0 = Debug|Any CPU
		{137540AA-2496-4994-91D3-C8FCDAD26F24}.Release|Any CPU.ActiveCfg = Release|Any CPU
		{137540AA-2496-4994-91D3-C8FCDAD26F24}.Release|Any CPU.Build.0 = Release|Any CPU
		{8817197C-110A-47F9-805F-A2F0FB4FB588}.Debug|Any CPU.ActiveCfg = Debug|Any CPU
		{8817197C-110A-47F9-805F-A2F0FB4FB588}.Debug|Any CPU.Build.0 = Debug|Any CPU
		{8817197C-110A-47F9-805F-A2F0FB4FB588}.Release|Any CPU.ActiveCfg = Release|Any CPU
		{8817197C-110A-47F9-805F-A2F0FB4FB588}.Release|Any CPU.Build.0 = Release|Any CPU
		{14D7ADEF-869A-4BC7-A97C-3104E8578F53}.Debug|Any CPU.ActiveCfg = Debug|Any CPU
		{14D7ADEF-869A-4BC7-A97C-3104E8578F53}.Debug|Any CPU.Build.0 = Debug|Any CPU
		{14D7ADEF-869A-4BC7-A97C-3104E8578F53}.Release|Any CPU.ActiveCfg = Release|Any CPU
		{14D7ADEF-869A-4BC7-A97C-3104E8578F53}.Release|Any CPU.Build.0 = Release|Any CPU
		{FD084EDA-0A00-4690-BB21-231ABE289400}.Debug|Any CPU.ActiveCfg = Debug|Any CPU
		{FD084EDA-0A00-4690-BB21-231ABE289400}.Debug|Any CPU.Build.0 = Debug|Any CPU
		{FD084EDA-0A00-4690-BB21-231ABE289400}.Release|Any CPU.ActiveCfg = Release|Any CPU
		{FD084EDA-0A00-4690-BB21-231ABE289400}.Release|Any CPU.Build.0 = Release|Any CPU
		{BAABD779-CECC-4B0B-9E9B-2E855E0C79E4}.Debug|Any CPU.ActiveCfg = Debug|Any CPU
		{BAABD779-CECC-4B0B-9E9B-2E855E0C79E4}.Debug|Any CPU.Build.0 = Debug|Any CPU
		{BAABD779-CECC-4B0B-9E9B-2E855E0C79E4}.Release|Any CPU.ActiveCfg = Release|Any CPU
		{BAABD779-CECC-4B0B-9E9B-2E855E0C79E4}.Release|Any CPU.Build.0 = Release|Any CPU
		{769FEDEE-0739-436B-8B57-CE1D19CE0CB1}.Debug|Any CPU.ActiveCfg = Debug|Any CPU
		{769FEDEE-0739-436B-8B57-CE1D19CE0CB1}.Debug|Any CPU.Build.0 = Debug|Any CPU
		{769FEDEE-0739-436B-8B57-CE1D19CE0CB1}.Release|Any CPU.ActiveCfg = Release|Any CPU
		{769FEDEE-0739-436B-8B57-CE1D19CE0CB1}.Release|Any CPU.Build.0 = Release|Any CPU
		{E042AE8E-CB10-40A2-9CA5-7BF5CF585C05}.Debug|Any CPU.ActiveCfg = Debug|Any CPU
		{E042AE8E-CB10-40A2-9CA5-7BF5CF585C05}.Debug|Any CPU.Build.0 = Debug|Any CPU
		{E042AE8E-CB10-40A2-9CA5-7BF5CF585C05}.Release|Any CPU.ActiveCfg = Release|Any CPU
		{E042AE8E-CB10-40A2-9CA5-7BF5CF585C05}.Release|Any CPU.Build.0 = Release|Any CPU
		{2ADE5D20-CE3C-455B-8972-84170E3ED4C8}.Debug|Any CPU.ActiveCfg = Debug|Any CPU
		{2ADE5D20-CE3C-455B-8972-84170E3ED4C8}.Debug|Any CPU.Build.0 = Debug|Any CPU
		{2ADE5D20-CE3C-455B-8972-84170E3ED4C8}.Release|Any CPU.ActiveCfg = Release|Any CPU
		{2ADE5D20-CE3C-455B-8972-84170E3ED4C8}.Release|Any CPU.Build.0 = Release|Any CPU
		{C1B1FD66-1075-4A1B-BDC0-599C9C3118E4}.Debug|Any CPU.ActiveCfg = Debug|Any CPU
		{C1B1FD66-1075-4A1B-BDC0-599C9C3118E4}.Debug|Any CPU.Build.0 = Debug|Any CPU
		{C1B1FD66-1075-4A1B-BDC0-599C9C3118E4}.Release|Any CPU.ActiveCfg = Release|Any CPU
		{C1B1FD66-1075-4A1B-BDC0-599C9C3118E4}.Release|Any CPU.Build.0 = Release|Any CPU
		{FCBE055A-2F1C-461F-BD37-1BBF331FFB62}.Debug|Any CPU.ActiveCfg = Debug|Any CPU
		{FCBE055A-2F1C-461F-BD37-1BBF331FFB62}.Debug|Any CPU.Build.0 = Debug|Any CPU
		{FCBE055A-2F1C-461F-BD37-1BBF331FFB62}.Release|Any CPU.ActiveCfg = Release|Any CPU
		{FCBE055A-2F1C-461F-BD37-1BBF331FFB62}.Release|Any CPU.Build.0 = Release|Any CPU
		{EDE6AB12-0EE5-468B-BAE3-BFA1AF821CB6}.Debug|Any CPU.ActiveCfg = Debug|Any CPU
		{EDE6AB12-0EE5-468B-BAE3-BFA1AF821CB6}.Debug|Any CPU.Build.0 = Debug|Any CPU
		{EDE6AB12-0EE5-468B-BAE3-BFA1AF821CB6}.Release|Any CPU.ActiveCfg = Release|Any CPU
		{EDE6AB12-0EE5-468B-BAE3-BFA1AF821CB6}.Release|Any CPU.Build.0 = Release|Any CPU
		{0F6DA6E7-8930-43A7-82B7-6AB730BF5CCE}.Debug|Any CPU.ActiveCfg = Debug|Any CPU
		{0F6DA6E7-8930-43A7-82B7-6AB730BF5CCE}.Debug|Any CPU.Build.0 = Debug|Any CPU
		{0F6DA6E7-8930-43A7-82B7-6AB730BF5CCE}.Release|Any CPU.ActiveCfg = Release|Any CPU
		{0F6DA6E7-8930-43A7-82B7-6AB730BF5CCE}.Release|Any CPU.Build.0 = Release|Any CPU
		{4D579160-DB91-45E4-B90E-6CD6FF3B089B}.Debug|Any CPU.ActiveCfg = Debug|Any CPU
		{4D579160-DB91-45E4-B90E-6CD6FF3B089B}.Debug|Any CPU.Build.0 = Debug|Any CPU
		{4D579160-DB91-45E4-B90E-6CD6FF3B089B}.Release|Any CPU.ActiveCfg = Release|Any CPU
		{4D579160-DB91-45E4-B90E-6CD6FF3B089B}.Release|Any CPU.Build.0 = Release|Any CPU
		{F1AD3087-DBBF-476E-B24F-0E4319F2B192}.Debug|Any CPU.ActiveCfg = Debug|Any CPU
		{F1AD3087-DBBF-476E-B24F-0E4319F2B192}.Debug|Any CPU.Build.0 = Debug|Any CPU
		{F1AD3087-DBBF-476E-B24F-0E4319F2B192}.Release|Any CPU.ActiveCfg = Release|Any CPU
		{F1AD3087-DBBF-476E-B24F-0E4319F2B192}.Release|Any CPU.Build.0 = Release|Any CPU
		{B74AD283-428D-492D-B2E6-5C57738DCA69}.Debug|Any CPU.ActiveCfg = Debug|Any CPU
		{B74AD283-428D-492D-B2E6-5C57738DCA69}.Debug|Any CPU.Build.0 = Debug|Any CPU
		{B74AD283-428D-492D-B2E6-5C57738DCA69}.Release|Any CPU.ActiveCfg = Release|Any CPU
		{B74AD283-428D-492D-B2E6-5C57738DCA69}.Release|Any CPU.Build.0 = Release|Any CPU
		{CA401BF3-234F-4E76-9E11-9A84897ED6A8}.Debug|Any CPU.ActiveCfg = Debug|Any CPU
		{CA401BF3-234F-4E76-9E11-9A84897ED6A8}.Debug|Any CPU.Build.0 = Debug|Any CPU
		{CA401BF3-234F-4E76-9E11-9A84897ED6A8}.Release|Any CPU.ActiveCfg = Release|Any CPU
		{CA401BF3-234F-4E76-9E11-9A84897ED6A8}.Release|Any CPU.Build.0 = Release|Any CPU
		{E0178715-4C6F-4BF0-B270-1B6F5FD8FEA7}.Debug|Any CPU.ActiveCfg = Debug|Any CPU
		{E0178715-4C6F-4BF0-B270-1B6F5FD8FEA7}.Debug|Any CPU.Build.0 = Debug|Any CPU
		{E0178715-4C6F-4BF0-B270-1B6F5FD8FEA7}.Release|Any CPU.ActiveCfg = Release|Any CPU
		{E0178715-4C6F-4BF0-B270-1B6F5FD8FEA7}.Release|Any CPU.Build.0 = Release|Any CPU
		{3E5BA060-C162-4373-8E75-EA0AAED7F98C}.Debug|Any CPU.ActiveCfg = Debug|Any CPU
		{3E5BA060-C162-4373-8E75-EA0AAED7F98C}.Debug|Any CPU.Build.0 = Debug|Any CPU
		{3E5BA060-C162-4373-8E75-EA0AAED7F98C}.Release|Any CPU.ActiveCfg = Release|Any CPU
		{3E5BA060-C162-4373-8E75-EA0AAED7F98C}.Release|Any CPU.Build.0 = Release|Any CPU
		{D0D9CC7E-1ACB-402E-9D29-AD9BADC039B3}.Debug|Any CPU.ActiveCfg = Debug|Any CPU
		{D0D9CC7E-1ACB-402E-9D29-AD9BADC039B3}.Debug|Any CPU.Build.0 = Debug|Any CPU
		{D0D9CC7E-1ACB-402E-9D29-AD9BADC039B3}.Release|Any CPU.ActiveCfg = Release|Any CPU
		{D0D9CC7E-1ACB-402E-9D29-AD9BADC039B3}.Release|Any CPU.Build.0 = Release|Any CPU
		{0362D324-212C-4608-BAC2-81032D0B6901}.Debug|Any CPU.ActiveCfg = Debug|Any CPU
		{0362D324-212C-4608-BAC2-81032D0B6901}.Debug|Any CPU.Build.0 = Debug|Any CPU
		{0362D324-212C-4608-BAC2-81032D0B6901}.Release|Any CPU.ActiveCfg = Release|Any CPU
		{0362D324-212C-4608-BAC2-81032D0B6901}.Release|Any CPU.Build.0 = Release|Any CPU
		{A1B8983D-14F9-4DAD-BDFD-705BCA02A5B0}.Debug|Any CPU.ActiveCfg = Debug|Any CPU
		{A1B8983D-14F9-4DAD-BDFD-705BCA02A5B0}.Debug|Any CPU.Build.0 = Debug|Any CPU
		{A1B8983D-14F9-4DAD-BDFD-705BCA02A5B0}.Release|Any CPU.ActiveCfg = Release|Any CPU
		{A1B8983D-14F9-4DAD-BDFD-705BCA02A5B0}.Release|Any CPU.Build.0 = Release|Any CPU
		{523FB40B-C878-4B91-919E-D46F04FC892D}.Debug|Any CPU.ActiveCfg = Debug|Any CPU
		{523FB40B-C878-4B91-919E-D46F04FC892D}.Debug|Any CPU.Build.0 = Debug|Any CPU
		{523FB40B-C878-4B91-919E-D46F04FC892D}.Release|Any CPU.ActiveCfg = Release|Any CPU
		{523FB40B-C878-4B91-919E-D46F04FC892D}.Release|Any CPU.Build.0 = Release|Any CPU
		{525A554E-ABE1-411D-9295-9E62FB5F3333}.Debug|Any CPU.ActiveCfg = Debug|Any CPU
		{525A554E-ABE1-411D-9295-9E62FB5F3333}.Debug|Any CPU.Build.0 = Debug|Any CPU
		{525A554E-ABE1-411D-9295-9E62FB5F3333}.Release|Any CPU.ActiveCfg = Release|Any CPU
		{525A554E-ABE1-411D-9295-9E62FB5F3333}.Release|Any CPU.Build.0 = Release|Any CPU
		{4C5D2D2A-5F8B-4E5F-A1DD-3AA04D62B958}.Debug|Any CPU.ActiveCfg = Debug|Any CPU
		{4C5D2D2A-5F8B-4E5F-A1DD-3AA04D62B958}.Debug|Any CPU.Build.0 = Debug|Any CPU
		{4C5D2D2A-5F8B-4E5F-A1DD-3AA04D62B958}.Release|Any CPU.ActiveCfg = Release|Any CPU
		{4C5D2D2A-5F8B-4E5F-A1DD-3AA04D62B958}.Release|Any CPU.Build.0 = Release|Any CPU
		{AC9A1E81-1908-42FF-BF3D-B521235355AC}.Debug|Any CPU.ActiveCfg = Debug|Any CPU
		{AC9A1E81-1908-42FF-BF3D-B521235355AC}.Debug|Any CPU.Build.0 = Debug|Any CPU
		{AC9A1E81-1908-42FF-BF3D-B521235355AC}.Release|Any CPU.ActiveCfg = Release|Any CPU
		{AC9A1E81-1908-42FF-BF3D-B521235355AC}.Release|Any CPU.Build.0 = Release|Any CPU
		{2E748D6C-ED28-49B5-BD0E-8926C70DC9D2}.Debug|Any CPU.ActiveCfg = Debug|Any CPU
		{2E748D6C-ED28-49B5-BD0E-8926C70DC9D2}.Debug|Any CPU.Build.0 = Debug|Any CPU
		{2E748D6C-ED28-49B5-BD0E-8926C70DC9D2}.Release|Any CPU.ActiveCfg = Release|Any CPU
		{2E748D6C-ED28-49B5-BD0E-8926C70DC9D2}.Release|Any CPU.Build.0 = Release|Any CPU
		{7AA9D18D-6D4E-4435-A407-8B20A5E361B7}.Debug|Any CPU.ActiveCfg = Debug|Any CPU
		{7AA9D18D-6D4E-4435-A407-8B20A5E361B7}.Debug|Any CPU.Build.0 = Debug|Any CPU
		{7AA9D18D-6D4E-4435-A407-8B20A5E361B7}.Release|Any CPU.ActiveCfg = Release|Any CPU
		{7AA9D18D-6D4E-4435-A407-8B20A5E361B7}.Release|Any CPU.Build.0 = Release|Any CPU
		{92353B3F-AE80-42D5-9F52-254D1B38BF49}.Debug|Any CPU.ActiveCfg = Debug|Any CPU
		{92353B3F-AE80-42D5-9F52-254D1B38BF49}.Debug|Any CPU.Build.0 = Debug|Any CPU
		{92353B3F-AE80-42D5-9F52-254D1B38BF49}.Release|Any CPU.ActiveCfg = Release|Any CPU
		{92353B3F-AE80-42D5-9F52-254D1B38BF49}.Release|Any CPU.Build.0 = Release|Any CPU
		{D5526A44-4A34-4364-B3BB-77A1DC24F452}.Debug|Any CPU.ActiveCfg = Debug|Any CPU
		{D5526A44-4A34-4364-B3BB-77A1DC24F452}.Debug|Any CPU.Build.0 = Debug|Any CPU
		{D5526A44-4A34-4364-B3BB-77A1DC24F452}.Release|Any CPU.ActiveCfg = Release|Any CPU
		{D5526A44-4A34-4364-B3BB-77A1DC24F452}.Release|Any CPU.Build.0 = Release|Any CPU
		{41A6E696-FB26-41A8-A478-C984BAF583DB}.Debug|Any CPU.ActiveCfg = Debug|Any CPU
		{41A6E696-FB26-41A8-A478-C984BAF583DB}.Debug|Any CPU.Build.0 = Debug|Any CPU
		{41A6E696-FB26-41A8-A478-C984BAF583DB}.Release|Any CPU.ActiveCfg = Release|Any CPU
		{41A6E696-FB26-41A8-A478-C984BAF583DB}.Release|Any CPU.Build.0 = Release|Any CPU
		{5E89AD09-E71C-4EBB-9A0D-17AFFBDB5743}.Debug|Any CPU.ActiveCfg = Debug|Any CPU
		{5E89AD09-E71C-4EBB-9A0D-17AFFBDB5743}.Debug|Any CPU.Build.0 = Debug|Any CPU
		{5E89AD09-E71C-4EBB-9A0D-17AFFBDB5743}.Release|Any CPU.ActiveCfg = Release|Any CPU
		{5E89AD09-E71C-4EBB-9A0D-17AFFBDB5743}.Release|Any CPU.Build.0 = Release|Any CPU
		{AEA9E123-207D-4DFF-8232-CBEE347C26F7}.Debug|Any CPU.ActiveCfg = Debug|Any CPU
		{AEA9E123-207D-4DFF-8232-CBEE347C26F7}.Debug|Any CPU.Build.0 = Debug|Any CPU
		{AEA9E123-207D-4DFF-8232-CBEE347C26F7}.Release|Any CPU.ActiveCfg = Release|Any CPU
		{AEA9E123-207D-4DFF-8232-CBEE347C26F7}.Release|Any CPU.Build.0 = Release|Any CPU
		{0A9AD9B7-F05E-4404-B07B-9569F4AFD1DF}.Debug|Any CPU.ActiveCfg = Debug|Any CPU
		{0A9AD9B7-F05E-4404-B07B-9569F4AFD1DF}.Debug|Any CPU.Build.0 = Debug|Any CPU
		{0A9AD9B7-F05E-4404-B07B-9569F4AFD1DF}.Release|Any CPU.ActiveCfg = Release|Any CPU
		{0A9AD9B7-F05E-4404-B07B-9569F4AFD1DF}.Release|Any CPU.Build.0 = Release|Any CPU
		{F5A397DF-4035-44D7-9AD4-F98032C18A63}.Debug|Any CPU.ActiveCfg = Debug|Any CPU
		{F5A397DF-4035-44D7-9AD4-F98032C18A63}.Debug|Any CPU.Build.0 = Debug|Any CPU
		{F5A397DF-4035-44D7-9AD4-F98032C18A63}.Release|Any CPU.ActiveCfg = Release|Any CPU
		{F5A397DF-4035-44D7-9AD4-F98032C18A63}.Release|Any CPU.Build.0 = Release|Any CPU
		{6F5777C3-1E2F-4606-87FF-55A3C9C20620}.Debug|Any CPU.ActiveCfg = Debug|Any CPU
		{6F5777C3-1E2F-4606-87FF-55A3C9C20620}.Debug|Any CPU.Build.0 = Debug|Any CPU
		{6F5777C3-1E2F-4606-87FF-55A3C9C20620}.Release|Any CPU.ActiveCfg = Release|Any CPU
		{6F5777C3-1E2F-4606-87FF-55A3C9C20620}.Release|Any CPU.Build.0 = Release|Any CPU
		{25A6AA1F-0A03-4EFF-A8A7-03BCF7C1E8B8}.Debug|Any CPU.ActiveCfg = Debug|Any CPU
		{25A6AA1F-0A03-4EFF-A8A7-03BCF7C1E8B8}.Debug|Any CPU.Build.0 = Debug|Any CPU
		{25A6AA1F-0A03-4EFF-A8A7-03BCF7C1E8B8}.Release|Any CPU.ActiveCfg = Release|Any CPU
		{25A6AA1F-0A03-4EFF-A8A7-03BCF7C1E8B8}.Release|Any CPU.Build.0 = Release|Any CPU
		{75B0B495-CBE1-4CEA-8153-47744C43C1C3}.Debug|Any CPU.ActiveCfg = Debug|Any CPU
		{75B0B495-CBE1-4CEA-8153-47744C43C1C3}.Debug|Any CPU.Build.0 = Debug|Any CPU
		{75B0B495-CBE1-4CEA-8153-47744C43C1C3}.Release|Any CPU.ActiveCfg = Release|Any CPU
		{75B0B495-CBE1-4CEA-8153-47744C43C1C3}.Release|Any CPU.Build.0 = Release|Any CPU
		{0E60C80D-4B5F-43F2-B1D2-3AA3A8049706}.Debug|Any CPU.ActiveCfg = Debug|Any CPU
		{0E60C80D-4B5F-43F2-B1D2-3AA3A8049706}.Debug|Any CPU.Build.0 = Debug|Any CPU
		{0E60C80D-4B5F-43F2-B1D2-3AA3A8049706}.Release|Any CPU.ActiveCfg = Release|Any CPU
		{0E60C80D-4B5F-43F2-B1D2-3AA3A8049706}.Release|Any CPU.Build.0 = Release|Any CPU
		{5FA102D9-A9F9-4358-A615-484ED2D918C0}.Debug|Any CPU.ActiveCfg = Debug|Any CPU
		{5FA102D9-A9F9-4358-A615-484ED2D918C0}.Debug|Any CPU.Build.0 = Debug|Any CPU
		{5FA102D9-A9F9-4358-A615-484ED2D918C0}.Release|Any CPU.ActiveCfg = Release|Any CPU
		{5FA102D9-A9F9-4358-A615-484ED2D918C0}.Release|Any CPU.Build.0 = Release|Any CPU
		{1A43AB32-DA8B-46C6-997E-D9227D0BC279}.Debug|Any CPU.ActiveCfg = Debug|Any CPU
		{1A43AB32-DA8B-46C6-997E-D9227D0BC279}.Debug|Any CPU.Build.0 = Debug|Any CPU
		{1A43AB32-DA8B-46C6-997E-D9227D0BC279}.Release|Any CPU.ActiveCfg = Release|Any CPU
		{1A43AB32-DA8B-46C6-997E-D9227D0BC279}.Release|Any CPU.Build.0 = Release|Any CPU
		{56E39B9B-C08E-4948-B03D-8E5B6B1F5DF5}.Debug|Any CPU.ActiveCfg = Debug|Any CPU
		{56E39B9B-C08E-4948-B03D-8E5B6B1F5DF5}.Debug|Any CPU.Build.0 = Debug|Any CPU
		{56E39B9B-C08E-4948-B03D-8E5B6B1F5DF5}.Release|Any CPU.ActiveCfg = Release|Any CPU
		{56E39B9B-C08E-4948-B03D-8E5B6B1F5DF5}.Release|Any CPU.Build.0 = Release|Any CPU
		{322B896B-62B0-4563-B474-54A773864318}.Debug|Any CPU.ActiveCfg = Debug|Any CPU
		{322B896B-62B0-4563-B474-54A773864318}.Debug|Any CPU.Build.0 = Debug|Any CPU
		{322B896B-62B0-4563-B474-54A773864318}.Release|Any CPU.ActiveCfg = Release|Any CPU
		{322B896B-62B0-4563-B474-54A773864318}.Release|Any CPU.Build.0 = Release|Any CPU
		{B29DEC59-887E-458E-AE5A-95B9CCACE8B1}.Debug|Any CPU.ActiveCfg = Debug|Any CPU
		{B29DEC59-887E-458E-AE5A-95B9CCACE8B1}.Debug|Any CPU.Build.0 = Debug|Any CPU
		{B29DEC59-887E-458E-AE5A-95B9CCACE8B1}.Release|Any CPU.ActiveCfg = Release|Any CPU
		{B29DEC59-887E-458E-AE5A-95B9CCACE8B1}.Release|Any CPU.Build.0 = Release|Any CPU
		{028F1AF7-B8F9-4FFF-892C-033F60435B85}.Debug|Any CPU.ActiveCfg = Debug|Any CPU
		{028F1AF7-B8F9-4FFF-892C-033F60435B85}.Debug|Any CPU.Build.0 = Debug|Any CPU
		{028F1AF7-B8F9-4FFF-892C-033F60435B85}.Release|Any CPU.ActiveCfg = Release|Any CPU
		{028F1AF7-B8F9-4FFF-892C-033F60435B85}.Release|Any CPU.Build.0 = Release|Any CPU
		{7A5C0858-55E5-4A9A-85FE-E19425F41810}.Debug|Any CPU.ActiveCfg = Debug|Any CPU
		{7A5C0858-55E5-4A9A-85FE-E19425F41810}.Debug|Any CPU.Build.0 = Debug|Any CPU
		{7A5C0858-55E5-4A9A-85FE-E19425F41810}.Release|Any CPU.ActiveCfg = Release|Any CPU
		{7A5C0858-55E5-4A9A-85FE-E19425F41810}.Release|Any CPU.Build.0 = Release|Any CPU
		{432AD270-4845-4D1B-899E-982CA6C2DC52}.Debug|Any CPU.ActiveCfg = Debug|Any CPU
		{432AD270-4845-4D1B-899E-982CA6C2DC52}.Debug|Any CPU.Build.0 = Debug|Any CPU
		{432AD270-4845-4D1B-899E-982CA6C2DC52}.Release|Any CPU.ActiveCfg = Release|Any CPU
		{432AD270-4845-4D1B-899E-982CA6C2DC52}.Release|Any CPU.Build.0 = Release|Any CPU
		{6BEAD7FD-1C14-4B58-9DF5-C79B8467F7B9}.Debug|Any CPU.ActiveCfg = Debug|Any CPU
		{6BEAD7FD-1C14-4B58-9DF5-C79B8467F7B9}.Debug|Any CPU.Build.0 = Debug|Any CPU
		{6BEAD7FD-1C14-4B58-9DF5-C79B8467F7B9}.Release|Any CPU.ActiveCfg = Release|Any CPU
		{6BEAD7FD-1C14-4B58-9DF5-C79B8467F7B9}.Release|Any CPU.Build.0 = Release|Any CPU
		{F527318A-72F9-4A24-84B6-6E1A387CE6CC}.Debug|Any CPU.ActiveCfg = Debug|Any CPU
		{F527318A-72F9-4A24-84B6-6E1A387CE6CC}.Debug|Any CPU.Build.0 = Debug|Any CPU
		{F527318A-72F9-4A24-84B6-6E1A387CE6CC}.Release|Any CPU.ActiveCfg = Release|Any CPU
		{F527318A-72F9-4A24-84B6-6E1A387CE6CC}.Release|Any CPU.Build.0 = Release|Any CPU
		{E8310924-901C-4806-ABE2-62BBF598E97F}.Debug|Any CPU.ActiveCfg = Debug|Any CPU
		{E8310924-901C-4806-ABE2-62BBF598E97F}.Debug|Any CPU.Build.0 = Debug|Any CPU
		{E8310924-901C-4806-ABE2-62BBF598E97F}.Release|Any CPU.ActiveCfg = Release|Any CPU
		{E8310924-901C-4806-ABE2-62BBF598E97F}.Release|Any CPU.Build.0 = Release|Any CPU
		{A5A89828-0534-4DAD-82F9-A1CE606FD437}.Debug|Any CPU.ActiveCfg = Debug|Any CPU
		{A5A89828-0534-4DAD-82F9-A1CE606FD437}.Debug|Any CPU.Build.0 = Debug|Any CPU
		{A5A89828-0534-4DAD-82F9-A1CE606FD437}.Release|Any CPU.ActiveCfg = Release|Any CPU
		{A5A89828-0534-4DAD-82F9-A1CE606FD437}.Release|Any CPU.Build.0 = Release|Any CPU
		{93EF8BE3-B99D-4335-9838-00F16F118531}.Debug|Any CPU.ActiveCfg = Debug|Any CPU
		{93EF8BE3-B99D-4335-9838-00F16F118531}.Debug|Any CPU.Build.0 = Debug|Any CPU
		{93EF8BE3-B99D-4335-9838-00F16F118531}.Release|Any CPU.ActiveCfg = Release|Any CPU
		{93EF8BE3-B99D-4335-9838-00F16F118531}.Release|Any CPU.Build.0 = Release|Any CPU
		{D21C3959-E91A-457B-99A0-DAAA0A9E89C6}.Debug|Any CPU.ActiveCfg = Debug|Any CPU
		{D21C3959-E91A-457B-99A0-DAAA0A9E89C6}.Debug|Any CPU.Build.0 = Debug|Any CPU
		{D21C3959-E91A-457B-99A0-DAAA0A9E89C6}.Release|Any CPU.ActiveCfg = Release|Any CPU
		{D21C3959-E91A-457B-99A0-DAAA0A9E89C6}.Release|Any CPU.Build.0 = Release|Any CPU
		{B867896E-F492-40A7-9279-6C96479F5118}.Debug|Any CPU.ActiveCfg = Debug|Any CPU
		{B867896E-F492-40A7-9279-6C96479F5118}.Debug|Any CPU.Build.0 = Debug|Any CPU
		{B867896E-F492-40A7-9279-6C96479F5118}.Release|Any CPU.ActiveCfg = Release|Any CPU
		{B867896E-F492-40A7-9279-6C96479F5118}.Release|Any CPU.Build.0 = Release|Any CPU
		{8BC77BB4-DCD6-44BE-9A53-B2E5C26E5964}.Debug|Any CPU.ActiveCfg = Debug|Any CPU
		{8BC77BB4-DCD6-44BE-9A53-B2E5C26E5964}.Debug|Any CPU.Build.0 = Debug|Any CPU
		{8BC77BB4-DCD6-44BE-9A53-B2E5C26E5964}.Release|Any CPU.ActiveCfg = Release|Any CPU
		{8BC77BB4-DCD6-44BE-9A53-B2E5C26E5964}.Release|Any CPU.Build.0 = Release|Any CPU
		{14534F7C-BF92-44BF-8F14-AA59FE24CD43}.Debug|Any CPU.ActiveCfg = Debug|Any CPU
		{14534F7C-BF92-44BF-8F14-AA59FE24CD43}.Debug|Any CPU.Build.0 = Debug|Any CPU
		{14534F7C-BF92-44BF-8F14-AA59FE24CD43}.Release|Any CPU.ActiveCfg = Release|Any CPU
		{14534F7C-BF92-44BF-8F14-AA59FE24CD43}.Release|Any CPU.Build.0 = Release|Any CPU
		{69E3DC2A-4805-47EB-A7DB-18BC04E3D066}.Debug|Any CPU.ActiveCfg = Debug|Any CPU
		{69E3DC2A-4805-47EB-A7DB-18BC04E3D066}.Debug|Any CPU.Build.0 = Debug|Any CPU
		{69E3DC2A-4805-47EB-A7DB-18BC04E3D066}.Release|Any CPU.ActiveCfg = Release|Any CPU
		{69E3DC2A-4805-47EB-A7DB-18BC04E3D066}.Release|Any CPU.Build.0 = Release|Any CPU
		{6C91A275-3623-4C10-A366-8658C066DDF3}.Debug|Any CPU.ActiveCfg = Debug|Any CPU
		{6C91A275-3623-4C10-A366-8658C066DDF3}.Debug|Any CPU.Build.0 = Debug|Any CPU
		{6C91A275-3623-4C10-A366-8658C066DDF3}.Release|Any CPU.ActiveCfg = Release|Any CPU
		{6C91A275-3623-4C10-A366-8658C066DDF3}.Release|Any CPU.Build.0 = Release|Any CPU
		{66FDA416-D3E4-4C0D-9ACF-44135C63956A}.Debug|Any CPU.ActiveCfg = Debug|Any CPU
		{66FDA416-D3E4-4C0D-9ACF-44135C63956A}.Debug|Any CPU.Build.0 = Debug|Any CPU
		{66FDA416-D3E4-4C0D-9ACF-44135C63956A}.Release|Any CPU.ActiveCfg = Release|Any CPU
		{66FDA416-D3E4-4C0D-9ACF-44135C63956A}.Release|Any CPU.Build.0 = Release|Any CPU
		{E3A3389E-9157-4B99-83CA-E51851F6CEAF}.Debug|Any CPU.ActiveCfg = Debug|Any CPU
		{E3A3389E-9157-4B99-83CA-E51851F6CEAF}.Debug|Any CPU.Build.0 = Debug|Any CPU
		{E3A3389E-9157-4B99-83CA-E51851F6CEAF}.Release|Any CPU.ActiveCfg = Release|Any CPU
		{E3A3389E-9157-4B99-83CA-E51851F6CEAF}.Release|Any CPU.Build.0 = Release|Any CPU
		{60971F43-B893-437F-91CD-71CA0C424391}.Debug|Any CPU.ActiveCfg = Debug|Any CPU
		{60971F43-B893-437F-91CD-71CA0C424391}.Debug|Any CPU.Build.0 = Debug|Any CPU
		{60971F43-B893-437F-91CD-71CA0C424391}.Release|Any CPU.ActiveCfg = Release|Any CPU
		{60971F43-B893-437F-91CD-71CA0C424391}.Release|Any CPU.Build.0 = Release|Any CPU
		{ABB8D54A-74A1-46F0-A02E-EE58020B3934}.Debug|Any CPU.ActiveCfg = Debug|Any CPU
		{ABB8D54A-74A1-46F0-A02E-EE58020B3934}.Debug|Any CPU.Build.0 = Debug|Any CPU
		{ABB8D54A-74A1-46F0-A02E-EE58020B3934}.Release|Any CPU.ActiveCfg = Release|Any CPU
		{ABB8D54A-74A1-46F0-A02E-EE58020B3934}.Release|Any CPU.Build.0 = Release|Any CPU
		{57D47B0D-2FC9-4DF6-89BD-EDE35831C141}.Debug|Any CPU.ActiveCfg = Debug|Any CPU
		{57D47B0D-2FC9-4DF6-89BD-EDE35831C141}.Debug|Any CPU.Build.0 = Debug|Any CPU
		{57D47B0D-2FC9-4DF6-89BD-EDE35831C141}.Release|Any CPU.ActiveCfg = Release|Any CPU
		{57D47B0D-2FC9-4DF6-89BD-EDE35831C141}.Release|Any CPU.Build.0 = Release|Any CPU
		{985E0EE0-E7B6-49B4-9BF5-0417B40A4566}.Debug|Any CPU.ActiveCfg = Debug|Any CPU
		{985E0EE0-E7B6-49B4-9BF5-0417B40A4566}.Debug|Any CPU.Build.0 = Debug|Any CPU
		{985E0EE0-E7B6-49B4-9BF5-0417B40A4566}.Release|Any CPU.ActiveCfg = Release|Any CPU
		{985E0EE0-E7B6-49B4-9BF5-0417B40A4566}.Release|Any CPU.Build.0 = Release|Any CPU
		{E8E3CCBB-1312-492C-BFF4-D2491437EF42}.Debug|Any CPU.ActiveCfg = Debug|Any CPU
		{E8E3CCBB-1312-492C-BFF4-D2491437EF42}.Debug|Any CPU.Build.0 = Debug|Any CPU
		{E8E3CCBB-1312-492C-BFF4-D2491437EF42}.Release|Any CPU.ActiveCfg = Release|Any CPU
		{E8E3CCBB-1312-492C-BFF4-D2491437EF42}.Release|Any CPU.Build.0 = Release|Any CPU
		{49139F00-403A-4D5B-82BF-6AB1C4A52F9E}.Debug|Any CPU.ActiveCfg = Debug|Any CPU
		{49139F00-403A-4D5B-82BF-6AB1C4A52F9E}.Debug|Any CPU.Build.0 = Debug|Any CPU
		{49139F00-403A-4D5B-82BF-6AB1C4A52F9E}.Release|Any CPU.ActiveCfg = Release|Any CPU
		{49139F00-403A-4D5B-82BF-6AB1C4A52F9E}.Release|Any CPU.Build.0 = Release|Any CPU
		{E2513815-F6C6-4C8C-B83B-ECAE056503D7}.Debug|Any CPU.ActiveCfg = Debug|Any CPU
		{E2513815-F6C6-4C8C-B83B-ECAE056503D7}.Debug|Any CPU.Build.0 = Debug|Any CPU
		{E2513815-F6C6-4C8C-B83B-ECAE056503D7}.Release|Any CPU.ActiveCfg = Release|Any CPU
		{E2513815-F6C6-4C8C-B83B-ECAE056503D7}.Release|Any CPU.Build.0 = Release|Any CPU
		{E3409638-9C42-4B1A-A8F9-310B2975C46D}.Debug|Any CPU.ActiveCfg = Debug|Any CPU
		{E3409638-9C42-4B1A-A8F9-310B2975C46D}.Debug|Any CPU.Build.0 = Debug|Any CPU
		{E3409638-9C42-4B1A-A8F9-310B2975C46D}.Release|Any CPU.ActiveCfg = Release|Any CPU
		{E3409638-9C42-4B1A-A8F9-310B2975C46D}.Release|Any CPU.Build.0 = Release|Any CPU
	EndGlobalSection
	GlobalSection(SolutionProperties) = preSolution
		HideSolutionNode = FALSE
	EndGlobalSection
	GlobalSection(ExtensibilityGlobals) = postSolution
		SolutionGuid = {EA05B2F6-DCC7-4CB6-84FB-F3A57F11E15D}
	EndGlobalSection
EndGlobal
